
Microsoft Visual Studio Solution File, Format Version 12.00
# Visual Studio Version 17
VisualStudioVersion = 17.1.32328.378
MinimumVisualStudioVersion = 10.0.40219.1
Project("{9A19103F-16F7-4668-BE54-9A1E7A4F7556}") = "ydc-api", "ydc-api.csproj", "{9E962A89-3AD6-4DA3-9F2F-C53A47DC25A7}"
EndProject
Project("{2150E333-8FDC-42A3-9474-1A3956D46DE8}") = "Api", "Api", "{EAE24ACF-D329-41E2-ABE4-40AB5C60B235}"
EndProject
Project("{2150E333-8FDC-42A3-9474-1A3956D46DE8}") = "Application", "Application", "{DF9B399A-F7C9-4257-A059-054137BF4705}"
EndProject
Project("{2150E333-8FDC-42A3-9474-1A3956D46DE8}") = "Domain", "Domain", "{79ED6FE7-7905-4C28-BB93-5189497F2DE8}"
EndProject
Project("{2150E333-8FDC-42A3-9474-1A3956D46DE8}") = "Infrastructure", "Infrastructure", "{21124BF1-F4AC-446D-B98E-9FD1FFEBC4BB}"
EndProject
Project("{2150E333-8FDC-42A3-9474-1A3956D46DE8}") = "Tests", "Tests", "{9333CC89-C4CA-4009-A515-FC51EE778870}"
EndProject
Project("{FAE04EC0-301F-11D3-BF4B-00C04F79EFBC}") = "YugiohDraftCube.DraftRoomService", "..\YugiohDraftCube.DraftRoomService\YugiohDraftCube.DraftRoomService.csproj", "{98633878-5FD5-4ED1-94B4-7874989C8F9E}"
EndProject
Project("{FAE04EC0-301F-11D3-BF4B-00C04F79EFBC}") = "YugiohDraftCube.CubesService", "..\YugiohDraftCube.CubesService\YugiohDraftCube.CubesService.csproj", "{E66BA059-8E91-435F-8277-55F52A956A58}"
EndProject
Project("{FAE04EC0-301F-11D3-BF4B-00C04F79EFBC}") = "YugiohDraftCube.Domain", "..\YugiohDraftCube.Domain\YugiohDraftCube.Domain.csproj", "{FEB7D6C2-E3F1-4C75-851D-787C2616A61F}"
EndProject
Project("{FAE04EC0-301F-11D3-BF4B-00C04F79EFBC}") = "YugiohDraftCube.LoggingService", "..\YugiohDraftCube.LoggingService\YugiohDraftCube.LoggingService.csproj", "{DF3644EB-9B54-4EA6-8505-A6118EBFE8A9}"
EndProject
Project("{FAE04EC0-301F-11D3-BF4B-00C04F79EFBC}") = "YugiohDraftCube.Utilities", "..\YugiohDraftCube.Utilities\YugiohDraftCube.Utilities.csproj", "{7B608500-A167-4035-9FF8-E15E809F7645}"
EndProject
Project("{FAE04EC0-301F-11D3-BF4B-00C04F79EFBC}") = "YugiohDraftCube.ValidationService", "..\YugiohDraftCube.ValidationService\YugiohDraftCube.ValidationService.csproj", "{99D04297-4640-42B7-AC2C-E4AF102F62FA}"
EndProject
Project("{FAE04EC0-301F-11D3-BF4B-00C04F79EFBC}") = "YugiohDraftCube.UnitTests", "..\YugiohDraftCube.UnitTests\YugiohDraftCube.UnitTests.csproj", "{D935C11C-36D4-4BFB-BEDB-1A8D7C5AC941}"
EndProject
Project("{FAE04EC0-301F-11D3-BF4B-00C04F79EFBC}") = "YugiohDraftCube.IntegrationTests", "..\YugiohDraftCube.IntegrationTests\YugiohDraftCube.IntegrationTests.csproj", "{DCE63169-0327-4D48-AFFE-6FD730F52A09}"
EndProject
Project("{FAE04EC0-301F-11D3-BF4B-00C04F79EFBC}") = "YugiohDraftCube.Authorization", "..\YugiohDraftCube.Authorization\YugiohDraftCube.Authorization.csproj", "{DF1A16E6-BEDA-4E30-A879-1CF827BA43EF}"
EndProject
Global
	GlobalSection(SolutionConfigurationPlatforms) = preSolution
		Debug|Any CPU = Debug|Any CPU
		Release|Any CPU = Release|Any CPU
	EndGlobalSection
	GlobalSection(ProjectConfigurationPlatforms) = postSolution
		{9E962A89-3AD6-4DA3-9F2F-C53A47DC25A7}.Debug|Any CPU.ActiveCfg = Debug|Any CPU
		{9E962A89-3AD6-4DA3-9F2F-C53A47DC25A7}.Debug|Any CPU.Build.0 = Debug|Any CPU
		{9E962A89-3AD6-4DA3-9F2F-C53A47DC25A7}.Release|Any CPU.ActiveCfg = Release|Any CPU
		{9E962A89-3AD6-4DA3-9F2F-C53A47DC25A7}.Release|Any CPU.Build.0 = Release|Any CPU
		{98633878-5FD5-4ED1-94B4-7874989C8F9E}.Debug|Any CPU.ActiveCfg = Debug|Any CPU
		{98633878-5FD5-4ED1-94B4-7874989C8F9E}.Debug|Any CPU.Build.0 = Debug|Any CPU
		{98633878-5FD5-4ED1-94B4-7874989C8F9E}.Release|Any CPU.ActiveCfg = Release|Any CPU
		{98633878-5FD5-4ED1-94B4-7874989C8F9E}.Release|Any CPU.Build.0 = Release|Any CPU
		{E66BA059-8E91-435F-8277-55F52A956A58}.Debug|Any CPU.ActiveCfg = Debug|Any CPU
		{E66BA059-8E91-435F-8277-55F52A956A58}.Debug|Any CPU.Build.0 = Debug|Any CPU
		{E66BA059-8E91-435F-8277-55F52A956A58}.Release|Any CPU.ActiveCfg = Release|Any CPU
		{E66BA059-8E91-435F-8277-55F52A956A58}.Release|Any CPU.Build.0 = Release|Any CPU
		{FEB7D6C2-E3F1-4C75-851D-787C2616A61F}.Debug|Any CPU.ActiveCfg = Debug|Any CPU
		{FEB7D6C2-E3F1-4C75-851D-787C2616A61F}.Debug|Any CPU.Build.0 = Debug|Any CPU
		{FEB7D6C2-E3F1-4C75-851D-787C2616A61F}.Release|Any CPU.ActiveCfg = Release|Any CPU
		{FEB7D6C2-E3F1-4C75-851D-787C2616A61F}.Release|Any CPU.Build.0 = Release|Any CPU
		{DF3644EB-9B54-4EA6-8505-A6118EBFE8A9}.Debug|Any CPU.ActiveCfg = Debug|Any CPU
		{DF3644EB-9B54-4EA6-8505-A6118EBFE8A9}.Debug|Any CPU.Build.0 = Debug|Any CPU
		{DF3644EB-9B54-4EA6-8505-A6118EBFE8A9}.Release|Any CPU.ActiveCfg = Release|Any CPU
		{DF3644EB-9B54-4EA6-8505-A6118EBFE8A9}.Release|Any CPU.Build.0 = Release|Any CPU
		{7B608500-A167-4035-9FF8-E15E809F7645}.Debug|Any CPU.ActiveCfg = Debug|Any CPU
		{7B608500-A167-4035-9FF8-E15E809F7645}.Debug|Any CPU.Build.0 = Debug|Any CPU
		{7B608500-A167-4035-9FF8-E15E809F7645}.Release|Any CPU.ActiveCfg = Release|Any CPU
		{7B608500-A167-4035-9FF8-E15E809F7645}.Release|Any CPU.Build.0 = Release|Any CPU
		{99D04297-4640-42B7-AC2C-E4AF102F62FA}.Debug|Any CPU.ActiveCfg = Debug|Any CPU
		{99D04297-4640-42B7-AC2C-E4AF102F62FA}.Debug|Any CPU.Build.0 = Debug|Any CPU
		{99D04297-4640-42B7-AC2C-E4AF102F62FA}.Release|Any CPU.ActiveCfg = Release|Any CPU
		{99D04297-4640-42B7-AC2C-E4AF102F62FA}.Release|Any CPU.Build.0 = Release|Any CPU
		{D935C11C-36D4-4BFB-BEDB-1A8D7C5AC941}.Debug|Any CPU.ActiveCfg = Debug|Any CPU
		{D935C11C-36D4-4BFB-BEDB-1A8D7C5AC941}.Debug|Any CPU.Build.0 = Debug|Any CPU
		{D935C11C-36D4-4BFB-BEDB-1A8D7C5AC941}.Release|Any CPU.ActiveCfg = Release|Any CPU
		{D935C11C-36D4-4BFB-BEDB-1A8D7C5AC941}.Release|Any CPU.Build.0 = Release|Any CPU
		{DCE63169-0327-4D48-AFFE-6FD730F52A09}.Debug|Any CPU.ActiveCfg = Debug|Any CPU
		{DCE63169-0327-4D48-AFFE-6FD730F52A09}.Debug|Any CPU.Build.0 = Debug|Any CPU
		{DCE63169-0327-4D48-AFFE-6FD730F52A09}.Release|Any CPU.ActiveCfg = Release|Any CPU
		{DCE63169-0327-4D48-AFFE-6FD730F52A09}.Release|Any CPU.Build.0 = Release|Any CPU
		{DF1A16E6-BEDA-4E30-A879-1CF827BA43EF}.Debug|Any CPU.ActiveCfg = Debug|Any CPU
		{DF1A16E6-BEDA-4E30-A879-1CF827BA43EF}.Debug|Any CPU.Build.0 = Debug|Any CPU
		{DF1A16E6-BEDA-4E30-A879-1CF827BA43EF}.Release|Any CPU.ActiveCfg = Release|Any CPU
		{DF1A16E6-BEDA-4E30-A879-1CF827BA43EF}.Release|Any CPU.Build.0 = Release|Any CPU
	EndGlobalSection
	GlobalSection(SolutionProperties) = preSolution
		HideSolutionNode = FALSE
	EndGlobalSection
	GlobalSection(NestedProjects) = preSolution
		{9E962A89-3AD6-4DA3-9F2F-C53A47DC25A7} = {EAE24ACF-D329-41E2-ABE4-40AB5C60B235}
		{98633878-5FD5-4ED1-94B4-7874989C8F9E} = {DF9B399A-F7C9-4257-A059-054137BF4705}
		{E66BA059-8E91-435F-8277-55F52A956A58} = {DF9B399A-F7C9-4257-A059-054137BF4705}
		{FEB7D6C2-E3F1-4C75-851D-787C2616A61F} = {79ED6FE7-7905-4C28-BB93-5189497F2DE8}
		{DF3644EB-9B54-4EA6-8505-A6118EBFE8A9} = {21124BF1-F4AC-446D-B98E-9FD1FFEBC4BB}
		{7B608500-A167-4035-9FF8-E15E809F7645} = {21124BF1-F4AC-446D-B98E-9FD1FFEBC4BB}
		{99D04297-4640-42B7-AC2C-E4AF102F62FA} = {21124BF1-F4AC-446D-B98E-9FD1FFEBC4BB}
		{D935C11C-36D4-4BFB-BEDB-1A8D7C5AC941} = {9333CC89-C4CA-4009-A515-FC51EE778870}
		{DCE63169-0327-4D48-AFFE-6FD730F52A09} = {9333CC89-C4CA-4009-A515-FC51EE778870}
		{DF1A16E6-BEDA-4E30-A879-1CF827BA43EF} = {DF9B399A-F7C9-4257-A059-054137BF4705}
	EndGlobalSection
	GlobalSection(ExtensibilityGlobals) = postSolution
		SolutionGuid = {69F41418-F0E1-4445-9D98-43C391B2D0A2}
	EndGlobalSection
EndGlobal
